schema: '2.0'
stages:
  load_data:
    cmd: python -m src.data_loading.load_data
    deps:
    - path: src/data_loading/load_data.py
      hash: md5
      md5: f90b3c6cfa9c330f8f7918401375bc95
      size: 1440
    outs:
    - path: data/raw/raw.csv
      hash: md5
      md5: 67851a558066b3c7fb866810e7259de5
      size: 116187
  preprocess_data:
    cmd: python -m src.data_preprocessing.preprocess_data
    deps:
    - path: data/raw/raw.csv
      hash: md5
      md5: 67851a558066b3c7fb866810e7259de5
      size: 116187
    - path: src/data_preprocessing/preprocess_data.py
      hash: md5
      md5: 727f22f9650a9dfb2b1a217912d46034
      size: 3993
    params:
      params.yaml:
        preprocess_data.random_seed: 42
        preprocess_data.test_size: 0.2
    outs:
    - path: artifacts/[features]_mean_imputer.joblib
      hash: md5
      md5: a0b02d21e2646dd7556c805f31673c31
      size: 1511
    - path: data/preprocessed/test_preprocessed.csv
      hash: md5
      md5: 6d64d688aeba57f8c5405f4118478001
      size: 26508
    - path: data/preprocessed/train_preprocessed.csv
      hash: md5
      md5: 35b88c63b96f0b708b600d68af1fa465
      size: 106240
  engineer_features:
    cmd: python -m src.feature_engineering.engineer_features
    deps:
    - path: data/preprocessed/test_preprocessed.csv
      hash: md5
      md5: 6d64d688aeba57f8c5405f4118478001
      size: 26508
    - path: data/preprocessed/train_preprocessed.csv
      hash: md5
      md5: 35b88c63b96f0b708b600d68af1fa465
      size: 106240
    - path: src/feature_engineering/engineer_features.py
      hash: md5
      md5: f8446b81a185b5c5d4b06fd60a3b9b9f
      size: 3052
    outs:
    - path: artifacts/[features]_scaler.joblib
      hash: md5
      md5: 25b478eb722d67e0288aeb819fb77fb9
      size: 2135
    - path: data/processed/test_processed.csv
      hash: md5
      md5: 811041baf93676560b64582f072aef35
      size: 68187
    - path: data/processed/train_processed.csv
      hash: md5
      md5: 101f01b177ef4c738fa98d3814009213
      size: 270629
  train:
    cmd: python -m src.model_training.train_model
    deps:
    - path: data/processed/train_processed.csv
      hash: md5
      md5: 101f01b177ef4c738fa98d3814009213
      size: 270629
    - path: src/model_training/train_model.py
      hash: md5
      md5: 16882d4d228f2794f649f09e0a9c36fc
      size: 5302
    params:
      params.yaml:
        train.batch_size: 16
        train.dropout_rate: 0.25
        train.epochs: 100
        train.hidden_layer_1_neurons: 64
        train.hidden_layer_2_neurons: 32
        train.learning_rate: 0.001
    outs:
    - path: artifacts/[target]_one_hot_encoder.joblib
      hash: md5
      md5: 9c68e41a114fdb0985121e8d89f055bc
      size: 617
    - path: metrics/training.json
      hash: md5
      md5: eb3700aa40a3356526d1abf04dfe2b8b
      size: 142
    - path: models/model.keras
      hash: md5
      md5: f94e743bb3c37b72746f9aa0897873b3
      size: 79419
  evaluate:
    cmd: python -m src.model_evaluation.evaluate_model
    deps:
    - path: artifacts/[target]_one_hot_encoder.joblib
      hash: md5
      md5: 9c68e41a114fdb0985121e8d89f055bc
      size: 617
    - path: data/processed/test_processed.csv
      hash: md5
      md5: 811041baf93676560b64582f072aef35
      size: 68187
    - path: models/model.keras
      hash: md5
      md5: f94e743bb3c37b72746f9aa0897873b3
      size: 79419
    - path: src/model_evaluation/evaluate_model.py
      hash: md5
      md5: 1300021eeca5193c758efb74cfff4814
      size: 2514
    outs:
    - path: metrics/evaluation.json
      hash: md5
      md5: 1e97f45e3e5bc443d78c3effe1bdd3fb
      size: 762
