schema: '2.0'
stages:
  load_data:
    cmd: python -m src.data_loading.load_data
    deps:
    - path: src/data_loading/load_data.py
      hash: md5
      md5: f90b3c6cfa9c330f8f7918401375bc95
      size: 1440
    outs:
    - path: data/raw/raw.csv
      hash: md5
      md5: 49824ad457ae56ef0f6069db29c3da9a
      size: 116187
  preprocess_data:
    cmd: python -m src.data_preprocessing.preprocess_data
    deps:
    - path: data/raw/raw.csv
      hash: md5
      md5: 49824ad457ae56ef0f6069db29c3da9a
      size: 116187
    - path: src/data_preprocessing/preprocess_data.py
      hash: md5
      md5: 727f22f9650a9dfb2b1a217912d46034
      size: 3993
    params:
      params.yaml:
        preprocess_data.random_seed: 42
        preprocess_data.test_size: 0.2
    outs:
    - path: artifacts/[features]_mean_imputer.joblib
      hash: md5
      md5: da59c53eebcd824b1e4e1c2c900a4931
      size: 1511
    - path: data/preprocessed/test_preprocessed.csv
      hash: md5
      md5: cd994ca57a7c36b0c4fe04f283ccd7af
      size: 26663
    - path: data/preprocessed/train_preprocessed.csv
      hash: md5
      md5: a49143f592c6e04a02efcba38359faaa
      size: 105924
  engineer_features:
    cmd: python -m src.feature_engineering.engineer_features
    deps:
    - path: data/preprocessed/test_preprocessed.csv
      hash: md5
      md5: cd994ca57a7c36b0c4fe04f283ccd7af
      size: 26663
    - path: data/preprocessed/train_preprocessed.csv
      hash: md5
      md5: a49143f592c6e04a02efcba38359faaa
      size: 105924
    - path: src/feature_engineering/engineer_features.py
      hash: md5
      md5: f8446b81a185b5c5d4b06fd60a3b9b9f
      size: 3052
    outs:
    - path: artifacts/[features]_scaler.joblib
      hash: md5
      md5: 85b33c317a46692f5d8dc2523450630b
      size: 2135
    - path: data/processed/test_processed.csv
      hash: md5
      md5: 7deee588cb935ce14b8e20ef2e585b0c
      size: 67656
    - path: data/processed/train_processed.csv
      hash: md5
      md5: 30c5691fd2a44118a2e7035c3450e96c
      size: 269367
  train:
    cmd: python -m src.model_training.train_model
    deps:
    - path: data/processed/train_processed.csv
      hash: md5
      md5: 30c5691fd2a44118a2e7035c3450e96c
      size: 269367
    - path: src/model_training/train_model.py
      hash: md5
      md5: 16882d4d228f2794f649f09e0a9c36fc
      size: 5302
    params:
      params.yaml:
        train.batch_size: 32
        train.dropout_rate: 0.3
        train.epochs: 100
        train.hidden_layer_1_neurons: 64
        train.hidden_layer_2_neurons: 32
        train.learning_rate: 0.001
    outs:
    - path: artifacts/[target]_one_hot_encoder.joblib
      hash: md5
      md5: 9c68e41a114fdb0985121e8d89f055bc
      size: 617
    - path: metrics/training.json
      hash: md5
      md5: c5cadbc790006a9631b3213f70cfa679
      size: 142
    - path: models/model.keras
      hash: md5
      md5: f2095ad51d9d6390e7095eefd522e37e
      size: 79417
  evaluate:
    cmd: python -m src.model_evaluation.evaluate_model
    deps:
    - path: artifacts/[target]_one_hot_encoder.joblib
      hash: md5
      md5: 9c68e41a114fdb0985121e8d89f055bc
      size: 617
    - path: data/processed/test_processed.csv
      hash: md5
      md5: 7deee588cb935ce14b8e20ef2e585b0c
      size: 67656
    - path: models/model.keras
      hash: md5
      md5: f2095ad51d9d6390e7095eefd522e37e
      size: 79417
    - path: src/model_evaluation/evaluate_model.py
      hash: md5
      md5: 1300021eeca5193c758efb74cfff4814
      size: 2514
    outs:
    - path: metrics/evaluation.json
      hash: md5
      md5: dc7e7ecff664484f822d6948c2625d6a
      size: 793
